
Microsoft Visual Studio Solution File, Format Version 12.00
# Visual Studio Version 17
VisualStudioVersion = 17.13.35919.96
MinimumVisualStudioVersion = 10.0.40219.1
Project("{FAE04EC0-301F-11D3-BF4B-00C04F79EFBC}") = "Oblikatorisk Opgave 1", "Oblikatorisk Opgave 1.csproj", "{630E2B0D-6EB4-46F8-9680-BC241461015A}"
EndProject
Project("{FAE04EC0-301F-11D3-BF4B-00C04F79EFBC}") = "ClassLibrary1", "..\ClassLibrary1\ClassLibrary1.csproj", "{FB59759F-DF97-448B-B9F9-29B429DE0932}"
EndProject
Project("{FAE04EC0-301F-11D3-BF4B-00C04F79EFBC}") = "TestProject3", "..\TestProject3\TestProject3.csproj", "{91E7FADD-65F6-4440-8C7F-B6FC9B92EF1E}"
EndProject
Global
	GlobalSection(SolutionConfigurationPlatforms) = preSolution
		Debug|Any CPU = Debug|Any CPU
		Release|Any CPU = Release|Any CPU
	EndGlobalSection
	GlobalSection(ProjectConfigurationPlatforms) = postSolution
		{630E2B0D-6EB4-46F8-9680-BC241461015A}.Debug|Any CPU.ActiveCfg = Debug|Any CPU
		{630E2B0D-6EB4-46F8-9680-BC241461015A}.Debug|Any CPU.Build.0 = Debug|Any CPU
		{630E2B0D-6EB4-46F8-9680-BC241461015A}.Release|Any CPU.ActiveCfg = Release|Any CPU
		{630E2B0D-6EB4-46F8-9680-BC241461015A}.Release|Any CPU.Build.0 = Release|Any CPU
		{FB59759F-DF97-448B-B9F9-29B429DE0932}.Debug|Any CPU.ActiveCfg = Debug|Any CPU
		{FB59759F-DF97-448B-B9F9-29B429DE0932}.Debug|Any CPU.Build.0 = Debug|Any CPU
		{FB59759F-DF97-448B-B9F9-29B429DE0932}.Release|Any CPU.ActiveCfg = Release|Any CPU
		{FB59759F-DF97-448B-B9F9-29B429DE0932}.Release|Any CPU.Build.0 = Release|Any CPU
		{91E7FADD-65F6-4440-8C7F-B6FC9B92EF1E}.Debug|Any CPU.ActiveCfg = Debug|Any CPU
		{91E7FADD-65F6-4440-8C7F-B6FC9B92EF1E}.Debug|Any CPU.Build.0 = Debug|Any CPU
		{91E7FADD-65F6-4440-8C7F-B6FC9B92EF1E}.Release|Any CPU.ActiveCfg = Release|Any CPU
		{91E7FADD-65F6-4440-8C7F-B6FC9B92EF1E}.Release|Any CPU.Build.0 = Release|Any CPU
	EndGlobalSection
	GlobalSection(SolutionProperties) = preSolution
		HideSolutionNode = FALSE
	EndGlobalSection
	GlobalSection(ExtensibilityGlobals) = postSolution
		SolutionGuid = {C143CC28-C0B2-42AC-BF37-E97FDB81C51E}
	EndGlobalSection
EndGlobal
